
Microsoft Visual Studio Solution File, Format Version 12.00
# Visual Studio Version 16
VisualStudioVersion = 16.0.30104.148
MinimumVisualStudioVersion = 10.0.40219.1
Project("{FAE04EC0-301F-11D3-BF4B-00C04F79EFBC}") = "Calculadora.Android", "Calculadora.Android\Calculadora.Android.csproj", "{AA49959D-9F0E-48F7-B3D9-B90EDE44628C}"
EndProject
Project("{FAE04EC0-301F-11D3-BF4B-00C04F79EFBC}") = "Calculadora.iOS", "Calculadora.iOS\Calculadora.iOS.csproj", "{CAB670F3-7376-4396-A05F-B90FD8D15CE5}"
EndProject
Project("{FAE04EC0-301F-11D3-BF4B-00C04F79EFBC}") = "Calculadora", "Calculadora\Calculadora.csproj", "{D5A46390-6778-48CE-90F1-D2776B427053}"
EndProject
Global
	GlobalSection(SolutionConfigurationPlatforms) = preSolution
		Debug|Any CPU = Debug|Any CPU
		Debug|iPhone = Debug|iPhone
		Debug|iPhoneSimulator = Debug|iPhoneSimulator
		Release|Any CPU = Release|Any CPU
		Release|iPhone = Release|iPhone
		Release|iPhoneSimulator = Release|iPhoneSimulator
	EndGlobalSection
	GlobalSection(ProjectConfigurationPlatforms) = postSolution
		{AA49959D-9F0E-48F7-B3D9-B90EDE44628C}.Debug|Any CPU.ActiveCfg = Debug|Any CPU
		{AA49959D-9F0E-48F7-B3D9-B90EDE44628C}.Debug|Any CPU.Build.0 = Debug|Any CPU
		{AA49959D-9F0E-48F7-B3D9-B90EDE44628C}.Debug|Any CPU.Deploy.0 = Debug|Any CPU
		{AA49959D-9F0E-48F7-B3D9-B90EDE44628C}.Debug|iPhone.ActiveCfg = Debug|Any CPU
		{AA49959D-9F0E-48F7-B3D9-B90EDE44628C}.Debug|iPhone.Build.0 = Debug|Any CPU
		{AA49959D-9F0E-48F7-B3D9-B90EDE44628C}.Debug|iPhone.Deploy.0 = Debug|Any CPU
		{AA49959D-9F0E-48F7-B3D9-B90EDE44628C}.Debug|iPhoneSimulator.ActiveCfg = Debug|Any CPU
		{AA49959D-9F0E-48F7-B3D9-B90EDE44628C}.Debug|iPhoneSimulator.Build.0 = Debug|Any CPU
		{AA49959D-9F0E-48F7-B3D9-B90EDE44628C}.Debug|iPhoneSimulator.Deploy.0 = Debug|Any CPU
		{AA49959D-9F0E-48F7-B3D9-B90EDE44628C}.Release|Any CPU.ActiveCfg = Release|Any CPU
		{AA49959D-9F0E-48F7-B3D9-B90EDE44628C}.Release|Any CPU.Build.0 = Release|Any CPU
		{AA49959D-9F0E-48F7-B3D9-B90EDE44628C}.Release|Any CPU.Deploy.0 = Release|Any CPU
		{AA49959D-9F0E-48F7-B3D9-B90EDE44628C}.Release|iPhone.ActiveCfg = Release|Any CPU
		{AA49959D-9F0E-48F7-B3D9-B90EDE44628C}.Release|iPhone.Build.0 = Release|Any CPU
		{AA49959D-9F0E-48F7-B3D9-B90EDE44628C}.Release|iPhone.Deploy.0 = Release|Any CPU
		{AA49959D-9F0E-48F7-B3D9-B90EDE44628C}.Release|iPhoneSimulator.ActiveCfg = Release|Any CPU
		{AA49959D-9F0E-48F7-B3D9-B90EDE44628C}.Release|iPhoneSimulator.Build.0 = Release|Any CPU
		{AA49959D-9F0E-48F7-B3D9-B90EDE44628C}.Release|iPhoneSimulator.Deploy.0 = Release|Any CPU
		{CAB670F3-7376-4396-A05F-B90FD8D15CE5}.Debug|Any CPU.ActiveCfg = Debug|iPhone
		{CAB670F3-7376-4396-A05F-B90FD8D15CE5}.Debug|Any CPU.Build.0 = Debug|iPhone
		{CAB670F3-7376-4396-A05F-B90FD8D15CE5}.Debug|Any CPU.Deploy.0 = Debug|iPhone
		{CAB670F3-7376-4396-A05F-B90FD8D15CE5}.Debug|iPhone.ActiveCfg = Debug|iPhone
		{CAB670F3-7376-4396-A05F-B90FD8D15CE5}.Debug|iPhone.Build.0 = Debug|iPhone
		{CAB670F3-7376-4396-A05F-B90FD8D15CE5}.Debug|iPhone.Deploy.0 = Debug|iPhone
		{CAB670F3-7376-4396-A05F-B90FD8D15CE5}.Debug|iPhoneSimulator.ActiveCfg = Debug|iPhoneSimulator
		{CAB670F3-7376-4396-A05F-B90FD8D15CE5}.Debug|iPhoneSimulator.Build.0 = Debug|iPhoneSimulator
		{CAB670F3-7376-4396-A05F-B90FD8D15CE5}.Debug|iPhoneSimulator.Deploy.0 = Debug|iPhoneSimulator
		{CAB670F3-7376-4396-A05F-B90FD8D15CE5}.Release|Any CPU.ActiveCfg = Release|iPhone
		{CAB670F3-7376-4396-A05F-B90FD8D15CE5}.Release|Any CPU.Build.0 = Release|iPhone
		{CAB670F3-7376-4396-A05F-B90FD8D15CE5}.Release|Any CPU.Deploy.0 = Release|iPhone
		{CAB670F3-7376-4396-A05F-B90FD8D15CE5}.Release|iPhone.ActiveCfg = Release|iPhone
		{CAB670F3-7376-4396-A05F-B90FD8D15CE5}.Release|iPhone.Build.0 = Release|iPhone
		{CAB670F3-7376-4396-A05F-B90FD8D15CE5}.Release|iPhone.Deploy.0 = Release|iPhone
		{CAB670F3-7376-4396-A05F-B90FD8D15CE5}.Release|iPhoneSimulator.ActiveCfg = Release|iPhoneSimulator
		{CAB670F3-7376-4396-A05F-B90FD8D15CE5}.Release|iPhoneSimulator.Build.0 = Release|iPhoneSimulator
		{CAB670F3-7376-4396-A05F-B90FD8D15CE5}.Release|iPhoneSimulator.Deploy.0 = Release|iPhoneSimulator
		{D5A46390-6778-48CE-90F1-D2776B427053}.Debug|Any CPU.ActiveCfg = Debug|Any CPU
		{D5A46390-6778-48CE-90F1-D2776B427053}.Debug|Any CPU.Build.0 = Debug|Any CPU
		{D5A46390-6778-48CE-90F1-D2776B427053}.Debug|Any CPU.Deploy.0 = Debug|Any CPU
		{D5A46390-6778-48CE-90F1-D2776B427053}.Debug|iPhone.ActiveCfg = Debug|Any CPU
		{D5A46390-6778-48CE-90F1-D2776B427053}.Debug|iPhone.Build.0 = Debug|Any CPU
		{D5A46390-6778-48CE-90F1-D2776B427053}.Debug|iPhone.Deploy.0 = Debug|Any CPU
		{D5A46390-6778-48CE-90F1-D2776B427053}.Debug|iPhoneSimulator.ActiveCfg = Debug|Any CPU
		{D5A46390-6778-48CE-90F1-D2776B427053}.Debug|iPhoneSimulator.Build.0 = Debug|Any CPU
		{D5A46390-6778-48CE-90F1-D2776B427053}.Debug|iPhoneSimulator.Deploy.0 = Debug|Any CPU
		{D5A46390-6778-48CE-90F1-D2776B427053}.Release|Any CPU.ActiveCfg = Release|Any CPU
		{D5A46390-6778-48CE-90F1-D2776B427053}.Release|Any CPU.Build.0 = Release|Any CPU
		{D5A46390-6778-48CE-90F1-D2776B427053}.Release|Any CPU.Deploy.0 = Release|Any CPU
		{D5A46390-6778-48CE-90F1-D2776B427053}.Release|iPhone.ActiveCfg = Release|Any CPU
		{D5A46390-6778-48CE-90F1-D2776B427053}.Release|iPhone.Build.0 = Release|Any CPU
		{D5A46390-6778-48CE-90F1-D2776B427053}.Release|iPhone.Deploy.0 = Release|Any CPU
		{D5A46390-6778-48CE-90F1-D2776B427053}.Release|iPhoneSimulator.ActiveCfg = Release|Any CPU
		{D5A46390-6778-48CE-90F1-D2776B427053}.Release|iPhoneSimulator.Build.0 = Release|Any CPU
		{D5A46390-6778-48CE-90F1-D2776B427053}.Release|iPhoneSimulator.Deploy.0 = Release|Any CPU
	EndGlobalSection
	GlobalSection(SolutionProperties) = preSolution
		HideSolutionNode = FALSE
	EndGlobalSection
	GlobalSection(ExtensibilityGlobals) = postSolution
		SolutionGuid = {6D7AD0F0-0212-4905-9941-5658B1CE8AE0}
	EndGlobalSection
EndGlobal
